
Microsoft Visual Studio Solution File, Format Version 12.00
# Visual Studio 14
VisualStudioVersion = 14.0.25123.0
MinimumVisualStudioVersion = 10.0.40219.1
Project("{F14B399A-7131-4C87-9E4B-1186C45EF12D}") = "ReportManager", "ReportManager\ReportManager.rptproj", "{E4BF7D25-5FBA-463D-8B18-A87F5916C35A}"
EndProject
Project("{F14B399A-7131-4C87-9E4B-1186C45EF12D}") = "Business Development Reports", "Business Development Reports\Business Development Reports.rptproj", "{604EE0B8-B759-41AD-A501-B8E7F1CF4E33}"
EndProject
Project("{F14B399A-7131-4C87-9E4B-1186C45EF12D}") = "Area Managers Reports - Auckland CS Reports", "Area Managers Reports\Auckland CS Reports\Area Managers Reports - Auckland CS Reports.rptproj", "{2F9880E8-FC71-469B-B2F3-A980DBC5BFD4}"
EndProject
Project("{F14B399A-7131-4C87-9E4B-1186C45EF12D}") = "Area Managers Reports - Auckland NW Reports", "Area Managers Reports\Auckland NW Reports\Area Managers Reports - Auckland NW Reports.rptproj", "{EBC3D873-3D94-47D2-846C-244D0C767698}"
EndProject
Project("{F14B399A-7131-4C87-9E4B-1186C45EF12D}") = "Area Managers Reports - Bay Of Plenty Reports", "Area Managers Reports\Bay Of Plenty Reports\Area Managers Reports - Bay Of Plenty Reports.rptproj", "{14DF6465-09FA-4F24-A780-8BEED1DF0E7F}"
EndProject
Project("{F14B399A-7131-4C87-9E4B-1186C45EF12D}") = "Area Managers Reports - Canterbury Reports", "Area Managers Reports\Canterbury Reports\Area Managers Reports - Canterbury Reports.rptproj", "{4148D3B0-2E03-4CBD-852C-C8807F779376}"
EndProject
Project("{F14B399A-7131-4C87-9E4B-1186C45EF12D}") = "Area Managers Reports - Central Reports", "Area Managers Reports\Central Reports\Area Managers Reports - Central Reports.rptproj", "{16E37951-3476-41A9-B9A8-76E8BD349F68}"
EndProject
Project("{F14B399A-7131-4C87-9E4B-1186C45EF12D}") = "Area Managers Reports - Northland Reports", "Area Managers Reports\Northland Reports\Area Managers Reports - Northland Reports.rptproj", "{94261E50-7EC5-448B-A4FC-48D77A5B17E7}"
EndProject
Project("{F14B399A-7131-4C87-9E4B-1186C45EF12D}") = "Area Managers Reports - Otago Southland Reports", "Area Managers Reports\Otago Southland Reports\Area Managers Reports - Otago Southland Reports.rptproj", "{F9820FD3-34BD-4329-9512-C0C0873080F8}"
EndProject
Project("{F14B399A-7131-4C87-9E4B-1186C45EF12D}") = "Area Managers Reports - Waikato Reports", "Area Managers Reports\Waikato Reports\Area Managers Reports - Waikato Reports.rptproj", "{BFD49A2F-2D4B-4533-B878-7ED1EED88A4E}"
EndProject
Project("{F14B399A-7131-4C87-9E4B-1186C45EF12D}") = "Area Managers Reports - Wellington Reports", "Area Managers Reports\Wellington Reports\Area Managers Reports - Wellington Reports.rptproj", "{9984F554-2085-4BDB-B480-1EBC1B0EEF52}"
EndProject
Project("{F14B399A-7131-4C87-9E4B-1186C45EF12D}") = "Marketing Reports - Customer Reports", "Marketing Reports\Customer Reports\Marketing Reports - Customer Reports.rptproj", "{2252C899-074B-4C21-BD62-EC12C6D47AF8}"
EndProject
Project("{F14B399A-7131-4C87-9E4B-1186C45EF12D}") = "Marketing Reports - Discount Reports", "Marketing Reports\Discount Reports\Marketing Reports - Discount Reports.rptproj", "{ADC6B38B-234F-4105-97CD-1E79A6F7671C}"
EndProject
Project("{F14B399A-7131-4C87-9E4B-1186C45EF12D}") = "Marketing Reports - Donation Reports", "Marketing Reports\Donation Reports\Marketing Reports - Donation Reports.rptproj", "{517F4670-D829-4D65-B0D2-DEEF36A0B71D}"
EndProject
Project("{F14B399A-7131-4C87-9E4B-1186C45EF12D}") = "Marketing Reports - Expired WOF Reports", "Marketing Reports\Expired WOF Reports\Marketing Reports - Expired WOF Reports.rptproj", "{CB0E5CD5-B6C1-4DD0-A50C-03A9C4AD68E1}"
EndProject
Project("{F14B399A-7131-4C87-9E4B-1186C45EF12D}") = "Marketing Reports - Fly Buys Reports", "Marketing Reports\Fly Buys Reports\Marketing Reports - Fly Buys Reports.rptproj", "{3239AEE3-985C-4428-9D1A-EDF4F2DA87F9}"
EndProject
Project("{F14B399A-7131-4C87-9E4B-1186C45EF12D}") = "Marketing Reports - NZRA Reports", "Marketing Reports\NZRA Reports\Marketing Reports - NZRA Reports.rptproj", "{DD10EAA8-3523-4197-8A38-84192613A873}"
EndProject
Project("{F14B399A-7131-4C87-9E4B-1186C45EF12D}") = "Marketing Reports - Pricing Reports", "Marketing Reports\Pricing Reports\Marketing Reports - Pricing Reports.rptproj", "{2BF3E23A-F2AD-4C8A-A296-FD19027277C3}"
EndProject
Project("{F14B399A-7131-4C87-9E4B-1186C45EF12D}") = "Marketing Reports - Reminder Offer Analysis", "Marketing Reports\Reminder Offer Analysis\Marketing Reports - Reminder Offer Analysis.rptproj", "{08F221E9-ACC4-4BB0-AF02-440B554599A9}"
EndProject
Project("{F14B399A-7131-4C87-9E4B-1186C45EF12D}") = "Marketing Reports - Sales Reports", "Marketing Reports\Sales Reports\Marketing Reports - Sales Reports.rptproj", "{C46C7C9C-295C-4567-9CE0-1D64B3BF8DF2}"
EndProject
Project("{F14B399A-7131-4C87-9E4B-1186C45EF12D}") = "Marketing Reports - Subscriptions", "Marketing Reports\Subscriptions\Marketing Reports - Subscriptions.rptproj", "{83B8074D-C397-4AE4-B7DA-40F5BC5874EA}"
EndProject
Project("{F14B399A-7131-4C87-9E4B-1186C45EF12D}") = "Marketing Reports - Volume Reports", "Marketing Reports\Volume Reports\Marketing Reports - Volume Reports.rptproj", "{4F0DD531-80B4-42CD-9D9E-3A71DE4D71E3}"
EndProject
Project("{F14B399A-7131-4C87-9E4B-1186C45EF12D}") = "BST Reports - ADHoc Reports", "BST Reports\ADHoc Reports\BST Reports - ADHoc Reports.rptproj", "{EBB7E2DF-F26D-40BD-9874-4C3C54DC5E36}"
EndProject
Project("{F14B399A-7131-4C87-9E4B-1186C45EF12D}") = "BST Reports - Auto Terminal", "BST Reports\Auto Terminal\BST Reports - Auto Terminal.rptproj", "{C60C1EE6-50B9-46D3-BA5E-DC1042DDAA5D}"
EndProject
Project("{F14B399A-7131-4C87-9E4B-1186C45EF12D}") = "BST Reports - Cube Reports", "BST Reports\Cube Reports\BST Reports - Cube Reports.rptproj", "{DE9E7B8A-2FFC-4374-89D2-3A83372A3DCE}"
EndProject
Project("{F14B399A-7131-4C87-9E4B-1186C45EF12D}") = "BST Reports - Customer Reports", "BST Reports\Customer Reports\BST Reports - Customer Reports.rptproj", "{00E82515-726F-418C-95EB-43003C477CAD}"
EndProject
Project("{F14B399A-7131-4C87-9E4B-1186C45EF12D}") = "BST Reports - Fly Buys Reports", "BST Reports\Fly Buys Reports\BST Reports - Fly Buys Reports.rptproj", "{B3CD5D31-8424-4986-847D-704B44C7F014}"
EndProject
Project("{F14B399A-7131-4C87-9E4B-1186C45EF12D}") = "BST Reports - Guest Reports", "BST Reports\Guest Reports\Volumes\BST Reports - Guest Reports.rptproj", "{830074BF-F124-4479-8F6E-902AA5FC50D8}"
EndProject
Project("{F14B399A-7131-4C87-9E4B-1186C45EF12D}") = "BST Reports - Misc", "BST Reports\Misc\BST Reports - Misc.rptproj", "{F5E0A16E-02AB-4CFC-A46E-50FD469D935E}"
EndProject
Project("{F14B399A-7131-4C87-9E4B-1186C45EF12D}") = "BST Reports - Monthly Reports", "BST Reports\Monthly Reports\BST Reports - Monthly Reports.rptproj", "{F958AF26-30E6-47C0-A506-71AFEADC6F6A}"
EndProject
Project("{F14B399A-7131-4C87-9E4B-1186C45EF12D}") = "BST Reports - NZRA Reports", "BST Reports\NZRA Reports\BST Reports - NZRA Reports.rptproj", "{09605575-05AA-4419-8EA4-C6E707817535}"
EndProject
Project("{F14B399A-7131-4C87-9E4B-1186C45EF12D}") = "BST Reports - Pricing Reports", "BST Reports\Pricing Reports\BST Reports - Pricing Reports.rptproj", "{4BF463F8-B2D2-47CF-BD58-8119C915E5CE}"
EndProject
Project("{F14B399A-7131-4C87-9E4B-1186C45EF12D}") = "BST Reports - Sales Reports", "BST Reports\Sales Reports\BST Reports - Sales Reports.rptproj", "{C0402786-10F7-4B06-A803-878857971D55}"
EndProject
Project("{F14B399A-7131-4C87-9E4B-1186C45EF12D}") = "BST Reports - Volume Reports", "BST Reports\Volume Reports\BST Reports - Volume Reports.rptproj", "{E8A2CB28-6814-43BF-B67C-64F67A5EB6F4}"
EndProject
Project("{F14B399A-7131-4C87-9E4B-1186C45EF12D}") = "FinanceReports", "Finance Reports\FinanceReports.rptproj", "{B67EF33A-F7C6-42D2-8FA7-1619460BEA7E}"
EndProject
Project("{F14B399A-7131-4C87-9E4B-1186C45EF12D}") = "Finance Reports - Adaptive Planning", "Finance Reports\Adaptive Planning\Finance Reports - Adaptive Planning.rptproj", "{53C0A8EE-16E6-4F30-8834-1EC7DCBB721D}"
EndProject
Project("{F14B399A-7131-4C87-9E4B-1186C45EF12D}") = "Finance Reports - Internal Auditing", "Finance Reports\Internal Auditing\Finance Reports - Internal Auditing.rptproj", "{329137E4-0CE2-403A-B3CC-D324CF41FF63}"
EndProject
Project("{F14B399A-7131-4C87-9E4B-1186C45EF12D}") = "Finance Reports - RUC Customers", "Finance Reports\RUC Customers\Finance Reports - RUC Customers.rptproj", "{0CF21826-FD94-4F8E-BA63-CC4EBA398C9C}"
EndProject
Project("{F14B399A-7131-4C87-9E4B-1186C45EF12D}") = "Finance Reports - Top Customers", "Finance Reports\Top Customers\Finance Reports - Top Customers.rptproj", "{A7E0EECE-CFE3-4EE6-A6BE-5326FDA77D58}"
EndProject
Project("{F14B399A-7131-4C87-9E4B-1186C45EF12D}") = "Finance Reports - Volume Reports", "Finance Reports\Volume Reports\Finance Reports - Volume Reports.rptproj", "{9E3B94DF-6311-44B8-8DB6-55F7AD1A62AF}"
EndProject
Project("{F14B399A-7131-4C87-9E4B-1186C45EF12D}") = "List Reports", "List Reports\List Reports.rptproj", "{CB32A67F-747A-4757-AE2C-0AC4D4266158}"
EndProject
Project("{F14B399A-7131-4C87-9E4B-1186C45EF12D}") = "Operations Reports - Customer Reports", "Operations Reports\Customer Reports\Operations Reports - Customer Reports.rptproj", "{2793DEDD-77DE-4CCB-96C8-AF04E4D87885}"
EndProject
Project("{F14B399A-7131-4C87-9E4B-1186C45EF12D}") = "Operations Reports - LTSA Inspection Reports", "Operations Reports\LTSA Inspection Reports\Operations Reports - LTSA Inspection Reports.rptproj", "{0B4A61D3-E2F7-4EF2-8197-F81926A7C502}"
EndProject
Project("{F14B399A-7131-4C87-9E4B-1186C45EF12D}") = "Operations Reports - Pricing Reports", "Operations Reports\Pricing Reports\Operations Reports - Pricing Reports.rptproj", "{0328E5C6-EDBC-44B6-882F-3CDEF2D1EF60}"
EndProject
Project("{F14B399A-7131-4C87-9E4B-1186C45EF12D}") = "Operations Reports - Sales Reports", "Operations Reports\Sales Reports\Operations Reports - Sales Reports.rptproj", "{24D1C2D6-D1B8-4C16-A8C0-30CDEF3161C8}"
EndProject
Project("{F14B399A-7131-4C87-9E4B-1186C45EF12D}") = "Operations Reports - Subscriptions", "Operations Reports\Subscriptions\Operations Reports - Subscriptions.rptproj", "{E9EF0E5C-81F0-4D5B-889F-290EB82BF73A}"
EndProject
Project("{F14B399A-7131-4C87-9E4B-1186C45EF12D}") = "Operations Reports - Volume Reports", "Operations Reports\Volume Reports\Operations Reports - Volume Reports.rptproj", "{E78E3B6A-80E7-4AEF-AEFA-2BB645B7226D}"
EndProject
Project("{F14B399A-7131-4C87-9E4B-1186C45EF12D}") = "Productivity Reports - Benchmarking Reports", "Productivity Reports\Benchmarking Reports\Productivity Reports - Benchmarking Reports.rptproj", "{0C5E5C90-8914-4B20-85DE-833D4E156EAD}"
EndProject
Project("{F14B399A-7131-4C87-9E4B-1186C45EF12D}") = "Productivity Reports - DOR Support Reports", "Productivity Reports\DOR Support Reports\Productivity Reports - DOR Support Reports.rptproj", "{316A8BEE-25B3-4F7E-80C0-6C7C6285CAE1}"
EndProject
Project("{F14B399A-7131-4C87-9E4B-1186C45EF12D}") = "Productivity Reports - Operating Reports", "Productivity Reports\Operating Reports\Productivity Reports - Operating Reports.rptproj", "{7CF35530-6025-4766-89A2-E356B853374C}"
EndProject
Project("{F14B399A-7131-4C87-9E4B-1186C45EF12D}") = "Productivity Reports - VID Support Reports", "Productivity Reports\VID Support Reports\Productivity Reports - VID Support Reports.rptproj", "{6D6D138D-EB87-480B-8444-A1A7342D7377}"
EndProject
Global
	GlobalSection(SolutionConfigurationPlatforms) = preSolution
		Debug|Default = Debug|Default
		DebugLocal|Default = DebugLocal|Default
		Release|Default = Release|Default
	EndGlobalSection
	GlobalSection(ProjectConfigurationPlatforms) = postSolution
		{E4BF7D25-5FBA-463D-8B18-A87F5916C35A}.Debug|Default.ActiveCfg = Debug
		{E4BF7D25-5FBA-463D-8B18-A87F5916C35A}.Debug|Default.Build.0 = Debug
		{E4BF7D25-5FBA-463D-8B18-A87F5916C35A}.Debug|Default.Deploy.0 = Debug
		{E4BF7D25-5FBA-463D-8B18-A87F5916C35A}.DebugLocal|Default.ActiveCfg = DebugLocal
		{E4BF7D25-5FBA-463D-8B18-A87F5916C35A}.DebugLocal|Default.Build.0 = DebugLocal
		{E4BF7D25-5FBA-463D-8B18-A87F5916C35A}.Release|Default.ActiveCfg = Release
		{E4BF7D25-5FBA-463D-8B18-A87F5916C35A}.Release|Default.Build.0 = Release
		{E4BF7D25-5FBA-463D-8B18-A87F5916C35A}.Release|Default.Deploy.0 = Release
		{604EE0B8-B759-41AD-A501-B8E7F1CF4E33}.Debug|Default.ActiveCfg = Debug
		{604EE0B8-B759-41AD-A501-B8E7F1CF4E33}.Debug|Default.Build.0 = Debug
		{604EE0B8-B759-41AD-A501-B8E7F1CF4E33}.Debug|Default.Deploy.0 = Debug
		{604EE0B8-B759-41AD-A501-B8E7F1CF4E33}.DebugLocal|Default.ActiveCfg = DebugLocal
		{604EE0B8-B759-41AD-A501-B8E7F1CF4E33}.DebugLocal|Default.Build.0 = DebugLocal
		{604EE0B8-B759-41AD-A501-B8E7F1CF4E33}.Release|Default.ActiveCfg = Release
		{604EE0B8-B759-41AD-A501-B8E7F1CF4E33}.Release|Default.Build.0 = Release
		{604EE0B8-B759-41AD-A501-B8E7F1CF4E33}.Release|Default.Deploy.0 = Release
		{2F9880E8-FC71-469B-B2F3-A980DBC5BFD4}.Debug|Default.ActiveCfg = Debug
		{2F9880E8-FC71-469B-B2F3-A980DBC5BFD4}.Debug|Default.Build.0 = Debug
		{2F9880E8-FC71-469B-B2F3-A980DBC5BFD4}.Debug|Default.Deploy.0 = Debug
		{2F9880E8-FC71-469B-B2F3-A980DBC5BFD4}.DebugLocal|Default.ActiveCfg = DebugLocal
		{2F9880E8-FC71-469B-B2F3-A980DBC5BFD4}.DebugLocal|Default.Build.0 = DebugLocal
		{2F9880E8-FC71-469B-B2F3-A980DBC5BFD4}.DebugLocal|Default.Deploy.0 = DebugLocal
		{2F9880E8-FC71-469B-B2F3-A980DBC5BFD4}.Release|Default.ActiveCfg = Release
		{2F9880E8-FC71-469B-B2F3-A980DBC5BFD4}.Release|Default.Build.0 = Release
		{2F9880E8-FC71-469B-B2F3-A980DBC5BFD4}.Release|Default.Deploy.0 = Release
		{EBC3D873-3D94-47D2-846C-244D0C767698}.Debug|Default.ActiveCfg = Debug
		{EBC3D873-3D94-47D2-846C-244D0C767698}.Debug|Default.Build.0 = Debug
		{EBC3D873-3D94-47D2-846C-244D0C767698}.Debug|Default.Deploy.0 = Debug
		{EBC3D873-3D94-47D2-846C-244D0C767698}.DebugLocal|Default.ActiveCfg = DebugLocal
		{EBC3D873-3D94-47D2-846C-244D0C767698}.DebugLocal|Default.Build.0 = DebugLocal
		{EBC3D873-3D94-47D2-846C-244D0C767698}.DebugLocal|Default.Deploy.0 = DebugLocal
		{EBC3D873-3D94-47D2-846C-244D0C767698}.Release|Default.ActiveCfg = Release
		{EBC3D873-3D94-47D2-846C-244D0C767698}.Release|Default.Build.0 = Release
		{EBC3D873-3D94-47D2-846C-244D0C767698}.Release|Default.Deploy.0 = Release
		{14DF6465-09FA-4F24-A780-8BEED1DF0E7F}.Debug|Default.ActiveCfg = Debug
		{14DF6465-09FA-4F24-A780-8BEED1DF0E7F}.Debug|Default.Build.0 = Debug
		{14DF6465-09FA-4F24-A780-8BEED1DF0E7F}.Debug|Default.Deploy.0 = Debug
		{14DF6465-09FA-4F24-A780-8BEED1DF0E7F}.DebugLocal|Default.ActiveCfg = DebugLocal
		{14DF6465-09FA-4F24-A780-8BEED1DF0E7F}.DebugLocal|Default.Build.0 = DebugLocal
		{14DF6465-09FA-4F24-A780-8BEED1DF0E7F}.DebugLocal|Default.Deploy.0 = DebugLocal
		{14DF6465-09FA-4F24-A780-8BEED1DF0E7F}.Release|Default.ActiveCfg = Release
		{14DF6465-09FA-4F24-A780-8BEED1DF0E7F}.Release|Default.Build.0 = Release
		{14DF6465-09FA-4F24-A780-8BEED1DF0E7F}.Release|Default.Deploy.0 = Release
		{4148D3B0-2E03-4CBD-852C-C8807F779376}.Debug|Default.ActiveCfg = Debug
		{4148D3B0-2E03-4CBD-852C-C8807F779376}.Debug|Default.Build.0 = Debug
		{4148D3B0-2E03-4CBD-852C-C8807F779376}.Debug|Default.Deploy.0 = Debug
		{4148D3B0-2E03-4CBD-852C-C8807F779376}.DebugLocal|Default.ActiveCfg = DebugLocal
		{4148D3B0-2E03-4CBD-852C-C8807F779376}.DebugLocal|Default.Build.0 = DebugLocal
		{4148D3B0-2E03-4CBD-852C-C8807F779376}.DebugLocal|Default.Deploy.0 = DebugLocal
		{4148D3B0-2E03-4CBD-852C-C8807F779376}.Release|Default.ActiveCfg = Release
		{4148D3B0-2E03-4CBD-852C-C8807F779376}.Release|Default.Build.0 = Release
		{4148D3B0-2E03-4CBD-852C-C8807F779376}.Release|Default.Deploy.0 = Release
		{16E37951-3476-41A9-B9A8-76E8BD349F68}.Debug|Default.ActiveCfg = Debug
		{16E37951-3476-41A9-B9A8-76E8BD349F68}.Debug|Default.Build.0 = Debug
		{16E37951-3476-41A9-B9A8-76E8BD349F68}.Debug|Default.Deploy.0 = Debug
		{16E37951-3476-41A9-B9A8-76E8BD349F68}.DebugLocal|Default.ActiveCfg = DebugLocal
		{16E37951-3476-41A9-B9A8-76E8BD349F68}.DebugLocal|Default.Build.0 = DebugLocal
		{16E37951-3476-41A9-B9A8-76E8BD349F68}.DebugLocal|Default.Deploy.0 = DebugLocal
		{16E37951-3476-41A9-B9A8-76E8BD349F68}.Release|Default.ActiveCfg = Release
		{16E37951-3476-41A9-B9A8-76E8BD349F68}.Release|Default.Build.0 = Release
		{16E37951-3476-41A9-B9A8-76E8BD349F68}.Release|Default.Deploy.0 = Release
		{94261E50-7EC5-448B-A4FC-48D77A5B17E7}.Debug|Default.ActiveCfg = Debug
		{94261E50-7EC5-448B-A4FC-48D77A5B17E7}.Debug|Default.Build.0 = Debug
		{94261E50-7EC5-448B-A4FC-48D77A5B17E7}.Debug|Default.Deploy.0 = Debug
		{94261E50-7EC5-448B-A4FC-48D77A5B17E7}.DebugLocal|Default.ActiveCfg = DebugLocal
		{94261E50-7EC5-448B-A4FC-48D77A5B17E7}.DebugLocal|Default.Build.0 = DebugLocal
		{94261E50-7EC5-448B-A4FC-48D77A5B17E7}.DebugLocal|Default.Deploy.0 = DebugLocal
		{94261E50-7EC5-448B-A4FC-48D77A5B17E7}.Release|Default.ActiveCfg = Release
		{94261E50-7EC5-448B-A4FC-48D77A5B17E7}.Release|Default.Build.0 = Release
		{94261E50-7EC5-448B-A4FC-48D77A5B17E7}.Release|Default.Deploy.0 = Release
		{F9820FD3-34BD-4329-9512-C0C0873080F8}.Debug|Default.ActiveCfg = Debug
		{F9820FD3-34BD-4329-9512-C0C0873080F8}.Debug|Default.Build.0 = Debug
		{F9820FD3-34BD-4329-9512-C0C0873080F8}.Debug|Default.Deploy.0 = Debug
		{F9820FD3-34BD-4329-9512-C0C0873080F8}.DebugLocal|Default.ActiveCfg = DebugLocal
		{F9820FD3-34BD-4329-9512-C0C0873080F8}.DebugLocal|Default.Build.0 = DebugLocal
		{F9820FD3-34BD-4329-9512-C0C0873080F8}.DebugLocal|Default.Deploy.0 = DebugLocal
		{F9820FD3-34BD-4329-9512-C0C0873080F8}.Release|Default.ActiveCfg = Release
		{F9820FD3-34BD-4329-9512-C0C0873080F8}.Release|Default.Build.0 = Release
		{F9820FD3-34BD-4329-9512-C0C0873080F8}.Release|Default.Deploy.0 = Release
		{BFD49A2F-2D4B-4533-B878-7ED1EED88A4E}.Debug|Default.ActiveCfg = Debug
		{BFD49A2F-2D4B-4533-B878-7ED1EED88A4E}.Debug|Default.Build.0 = Debug
		{BFD49A2F-2D4B-4533-B878-7ED1EED88A4E}.Debug|Default.Deploy.0 = Debug
		{BFD49A2F-2D4B-4533-B878-7ED1EED88A4E}.DebugLocal|Default.ActiveCfg = DebugLocal
		{BFD49A2F-2D4B-4533-B878-7ED1EED88A4E}.DebugLocal|Default.Build.0 = DebugLocal
		{BFD49A2F-2D4B-4533-B878-7ED1EED88A4E}.DebugLocal|Default.Deploy.0 = DebugLocal
		{BFD49A2F-2D4B-4533-B878-7ED1EED88A4E}.Release|Default.ActiveCfg = Release
		{BFD49A2F-2D4B-4533-B878-7ED1EED88A4E}.Release|Default.Build.0 = Release
		{BFD49A2F-2D4B-4533-B878-7ED1EED88A4E}.Release|Default.Deploy.0 = Release
		{9984F554-2085-4BDB-B480-1EBC1B0EEF52}.Debug|Default.ActiveCfg = Debug
		{9984F554-2085-4BDB-B480-1EBC1B0EEF52}.Debug|Default.Build.0 = Debug
		{9984F554-2085-4BDB-B480-1EBC1B0EEF52}.Debug|Default.Deploy.0 = Debug
		{9984F554-2085-4BDB-B480-1EBC1B0EEF52}.DebugLocal|Default.ActiveCfg = DebugLocal
		{9984F554-2085-4BDB-B480-1EBC1B0EEF52}.DebugLocal|Default.Build.0 = DebugLocal
		{9984F554-2085-4BDB-B480-1EBC1B0EEF52}.DebugLocal|Default.Deploy.0 = DebugLocal
		{9984F554-2085-4BDB-B480-1EBC1B0EEF52}.Release|Default.ActiveCfg = Release
		{9984F554-2085-4BDB-B480-1EBC1B0EEF52}.Release|Default.Build.0 = Release
		{9984F554-2085-4BDB-B480-1EBC1B0EEF52}.Release|Default.Deploy.0 = Release
		{2252C899-074B-4C21-BD62-EC12C6D47AF8}.Debug|Default.ActiveCfg = Debug
		{2252C899-074B-4C21-BD62-EC12C6D47AF8}.Debug|Default.Build.0 = Debug
		{2252C899-074B-4C21-BD62-EC12C6D47AF8}.Debug|Default.Deploy.0 = Debug
		{2252C899-074B-4C21-BD62-EC12C6D47AF8}.DebugLocal|Default.ActiveCfg = DebugLocal
		{2252C899-074B-4C21-BD62-EC12C6D47AF8}.DebugLocal|Default.Build.0 = DebugLocal
		{2252C899-074B-4C21-BD62-EC12C6D47AF8}.DebugLocal|Default.Deploy.0 = DebugLocal
		{2252C899-074B-4C21-BD62-EC12C6D47AF8}.Release|Default.ActiveCfg = Release
		{2252C899-074B-4C21-BD62-EC12C6D47AF8}.Release|Default.Build.0 = Release
		{2252C899-074B-4C21-BD62-EC12C6D47AF8}.Release|Default.Deploy.0 = Release
		{ADC6B38B-234F-4105-97CD-1E79A6F7671C}.Debug|Default.ActiveCfg = Debug
		{ADC6B38B-234F-4105-97CD-1E79A6F7671C}.Debug|Default.Build.0 = Debug
		{ADC6B38B-234F-4105-97CD-1E79A6F7671C}.Debug|Default.Deploy.0 = Debug
		{ADC6B38B-234F-4105-97CD-1E79A6F7671C}.DebugLocal|Default.ActiveCfg = DebugLocal
		{ADC6B38B-234F-4105-97CD-1E79A6F7671C}.DebugLocal|Default.Build.0 = DebugLocal
		{ADC6B38B-234F-4105-97CD-1E79A6F7671C}.DebugLocal|Default.Deploy.0 = DebugLocal
		{ADC6B38B-234F-4105-97CD-1E79A6F7671C}.Release|Default.ActiveCfg = Release
		{ADC6B38B-234F-4105-97CD-1E79A6F7671C}.Release|Default.Build.0 = Release
		{ADC6B38B-234F-4105-97CD-1E79A6F7671C}.Release|Default.Deploy.0 = Release
		{517F4670-D829-4D65-B0D2-DEEF36A0B71D}.Debug|Default.ActiveCfg = Debug
		{517F4670-D829-4D65-B0D2-DEEF36A0B71D}.Debug|Default.Build.0 = Debug
		{517F4670-D829-4D65-B0D2-DEEF36A0B71D}.Debug|Default.Deploy.0 = Debug
		{517F4670-D829-4D65-B0D2-DEEF36A0B71D}.DebugLocal|Default.ActiveCfg = DebugLocal
		{517F4670-D829-4D65-B0D2-DEEF36A0B71D}.DebugLocal|Default.Build.0 = DebugLocal
		{517F4670-D829-4D65-B0D2-DEEF36A0B71D}.DebugLocal|Default.Deploy.0 = DebugLocal
		{517F4670-D829-4D65-B0D2-DEEF36A0B71D}.Release|Default.ActiveCfg = Release
		{517F4670-D829-4D65-B0D2-DEEF36A0B71D}.Release|Default.Build.0 = Release
		{517F4670-D829-4D65-B0D2-DEEF36A0B71D}.Release|Default.Deploy.0 = Release
		{CB0E5CD5-B6C1-4DD0-A50C-03A9C4AD68E1}.Debug|Default.ActiveCfg = Debug
		{CB0E5CD5-B6C1-4DD0-A50C-03A9C4AD68E1}.Debug|Default.Build.0 = Debug
		{CB0E5CD5-B6C1-4DD0-A50C-03A9C4AD68E1}.Debug|Default.Deploy.0 = Debug
		{CB0E5CD5-B6C1-4DD0-A50C-03A9C4AD68E1}.DebugLocal|Default.ActiveCfg = DebugLocal
		{CB0E5CD5-B6C1-4DD0-A50C-03A9C4AD68E1}.DebugLocal|Default.Build.0 = DebugLocal
		{CB0E5CD5-B6C1-4DD0-A50C-03A9C4AD68E1}.DebugLocal|Default.Deploy.0 = DebugLocal
		{CB0E5CD5-B6C1-4DD0-A50C-03A9C4AD68E1}.Release|Default.ActiveCfg = Release
		{CB0E5CD5-B6C1-4DD0-A50C-03A9C4AD68E1}.Release|Default.Build.0 = Release
		{CB0E5CD5-B6C1-4DD0-A50C-03A9C4AD68E1}.Release|Default.Deploy.0 = Release
		{3239AEE3-985C-4428-9D1A-EDF4F2DA87F9}.Debug|Default.ActiveCfg = Debug
		{3239AEE3-985C-4428-9D1A-EDF4F2DA87F9}.Debug|Default.Build.0 = Debug
		{3239AEE3-985C-4428-9D1A-EDF4F2DA87F9}.Debug|Default.Deploy.0 = Debug
		{3239AEE3-985C-4428-9D1A-EDF4F2DA87F9}.DebugLocal|Default.ActiveCfg = DebugLocal
		{3239AEE3-985C-4428-9D1A-EDF4F2DA87F9}.DebugLocal|Default.Build.0 = DebugLocal
		{3239AEE3-985C-4428-9D1A-EDF4F2DA87F9}.DebugLocal|Default.Deploy.0 = DebugLocal
		{3239AEE3-985C-4428-9D1A-EDF4F2DA87F9}.Release|Default.ActiveCfg = Release
		{3239AEE3-985C-4428-9D1A-EDF4F2DA87F9}.Release|Default.Build.0 = Release
		{3239AEE3-985C-4428-9D1A-EDF4F2DA87F9}.Release|Default.Deploy.0 = Release
		{DD10EAA8-3523-4197-8A38-84192613A873}.Debug|Default.ActiveCfg = Debug
		{DD10EAA8-3523-4197-8A38-84192613A873}.Debug|Default.Build.0 = Debug
		{DD10EAA8-3523-4197-8A38-84192613A873}.Debug|Default.Deploy.0 = Debug
		{DD10EAA8-3523-4197-8A38-84192613A873}.DebugLocal|Default.ActiveCfg = DebugLocal
		{DD10EAA8-3523-4197-8A38-84192613A873}.DebugLocal|Default.Build.0 = DebugLocal
		{DD10EAA8-3523-4197-8A38-84192613A873}.DebugLocal|Default.Deploy.0 = DebugLocal
		{DD10EAA8-3523-4197-8A38-84192613A873}.Release|Default.ActiveCfg = Release
		{DD10EAA8-3523-4197-8A38-84192613A873}.Release|Default.Build.0 = Release
		{DD10EAA8-3523-4197-8A38-84192613A873}.Release|Default.Deploy.0 = Release
		{2BF3E23A-F2AD-4C8A-A296-FD19027277C3}.Debug|Default.ActiveCfg = Debug
		{2BF3E23A-F2AD-4C8A-A296-FD19027277C3}.Debug|Default.Build.0 = Debug
		{2BF3E23A-F2AD-4C8A-A296-FD19027277C3}.Debug|Default.Deploy.0 = Debug
		{2BF3E23A-F2AD-4C8A-A296-FD19027277C3}.DebugLocal|Default.ActiveCfg = DebugLocal
		{2BF3E23A-F2AD-4C8A-A296-FD19027277C3}.DebugLocal|Default.Build.0 = DebugLocal
		{2BF3E23A-F2AD-4C8A-A296-FD19027277C3}.DebugLocal|Default.Deploy.0 = DebugLocal
		{2BF3E23A-F2AD-4C8A-A296-FD19027277C3}.Release|Default.ActiveCfg = Release
		{2BF3E23A-F2AD-4C8A-A296-FD19027277C3}.Release|Default.Build.0 = Release
		{2BF3E23A-F2AD-4C8A-A296-FD19027277C3}.Release|Default.Deploy.0 = Release
		{08F221E9-ACC4-4BB0-AF02-440B554599A9}.Debug|Default.ActiveCfg = Debug
		{08F221E9-ACC4-4BB0-AF02-440B554599A9}.Debug|Default.Build.0 = Debug
		{08F221E9-ACC4-4BB0-AF02-440B554599A9}.Debug|Default.Deploy.0 = Debug
		{08F221E9-ACC4-4BB0-AF02-440B554599A9}.DebugLocal|Default.ActiveCfg = DebugLocal
		{08F221E9-ACC4-4BB0-AF02-440B554599A9}.DebugLocal|Default.Build.0 = DebugLocal
		{08F221E9-ACC4-4BB0-AF02-440B554599A9}.DebugLocal|Default.Deploy.0 = DebugLocal
		{08F221E9-ACC4-4BB0-AF02-440B554599A9}.Release|Default.ActiveCfg = Release
		{08F221E9-ACC4-4BB0-AF02-440B554599A9}.Release|Default.Build.0 = Release
		{08F221E9-ACC4-4BB0-AF02-440B554599A9}.Release|Default.Deploy.0 = Release
		{C46C7C9C-295C-4567-9CE0-1D64B3BF8DF2}.Debug|Default.ActiveCfg = Debug
		{C46C7C9C-295C-4567-9CE0-1D64B3BF8DF2}.Debug|Default.Build.0 = Debug
		{C46C7C9C-295C-4567-9CE0-1D64B3BF8DF2}.Debug|Default.Deploy.0 = Debug
		{C46C7C9C-295C-4567-9CE0-1D64B3BF8DF2}.DebugLocal|Default.ActiveCfg = DebugLocal
		{C46C7C9C-295C-4567-9CE0-1D64B3BF8DF2}.DebugLocal|Default.Build.0 = DebugLocal
		{C46C7C9C-295C-4567-9CE0-1D64B3BF8DF2}.DebugLocal|Default.Deploy.0 = DebugLocal
		{C46C7C9C-295C-4567-9CE0-1D64B3BF8DF2}.Release|Default.ActiveCfg = Release
		{C46C7C9C-295C-4567-9CE0-1D64B3BF8DF2}.Release|Default.Build.0 = Release
		{C46C7C9C-295C-4567-9CE0-1D64B3BF8DF2}.Release|Default.Deploy.0 = Release
		{83B8074D-C397-4AE4-B7DA-40F5BC5874EA}.Debug|Default.ActiveCfg = Debug
		{83B8074D-C397-4AE4-B7DA-40F5BC5874EA}.Debug|Default.Build.0 = Debug
		{83B8074D-C397-4AE4-B7DA-40F5BC5874EA}.Debug|Default.Deploy.0 = Debug
		{83B8074D-C397-4AE4-B7DA-40F5BC5874EA}.DebugLocal|Default.ActiveCfg = DebugLocal
		{83B8074D-C397-4AE4-B7DA-40F5BC5874EA}.DebugLocal|Default.Build.0 = DebugLocal
		{83B8074D-C397-4AE4-B7DA-40F5BC5874EA}.DebugLocal|Default.Deploy.0 = DebugLocal
		{83B8074D-C397-4AE4-B7DA-40F5BC5874EA}.Release|Default.ActiveCfg = Release
		{83B8074D-C397-4AE4-B7DA-40F5BC5874EA}.Release|Default.Build.0 = Release
		{83B8074D-C397-4AE4-B7DA-40F5BC5874EA}.Release|Default.Deploy.0 = Release
		{4F0DD531-80B4-42CD-9D9E-3A71DE4D71E3}.Debug|Default.ActiveCfg = Debug
		{4F0DD531-80B4-42CD-9D9E-3A71DE4D71E3}.Debug|Default.Build.0 = Debug
		{4F0DD531-80B4-42CD-9D9E-3A71DE4D71E3}.Debug|Default.Deploy.0 = Debug
		{4F0DD531-80B4-42CD-9D9E-3A71DE4D71E3}.DebugLocal|Default.ActiveCfg = DebugLocal
		{4F0DD531-80B4-42CD-9D9E-3A71DE4D71E3}.DebugLocal|Default.Build.0 = DebugLocal
		{4F0DD531-80B4-42CD-9D9E-3A71DE4D71E3}.DebugLocal|Default.Deploy.0 = DebugLocal
		{4F0DD531-80B4-42CD-9D9E-3A71DE4D71E3}.Release|Default.ActiveCfg = Release
		{4F0DD531-80B4-42CD-9D9E-3A71DE4D71E3}.Release|Default.Build.0 = Release
		{4F0DD531-80B4-42CD-9D9E-3A71DE4D71E3}.Release|Default.Deploy.0 = Release
		{EBB7E2DF-F26D-40BD-9874-4C3C54DC5E36}.Debug|Default.ActiveCfg = Debug
		{EBB7E2DF-F26D-40BD-9874-4C3C54DC5E36}.Debug|Default.Build.0 = Debug
		{EBB7E2DF-F26D-40BD-9874-4C3C54DC5E36}.Debug|Default.Deploy.0 = Debug
		{EBB7E2DF-F26D-40BD-9874-4C3C54DC5E36}.DebugLocal|Default.ActiveCfg = DebugLocal
		{EBB7E2DF-F26D-40BD-9874-4C3C54DC5E36}.DebugLocal|Default.Build.0 = DebugLocal
		{EBB7E2DF-F26D-40BD-9874-4C3C54DC5E36}.DebugLocal|Default.Deploy.0 = DebugLocal
		{EBB7E2DF-F26D-40BD-9874-4C3C54DC5E36}.Release|Default.ActiveCfg = Release
		{EBB7E2DF-F26D-40BD-9874-4C3C54DC5E36}.Release|Default.Build.0 = Release
		{EBB7E2DF-F26D-40BD-9874-4C3C54DC5E36}.Release|Default.Deploy.0 = Release
		{C60C1EE6-50B9-46D3-BA5E-DC1042DDAA5D}.Debug|Default.ActiveCfg = Debug
		{C60C1EE6-50B9-46D3-BA5E-DC1042DDAA5D}.Debug|Default.Build.0 = Debug
		{C60C1EE6-50B9-46D3-BA5E-DC1042DDAA5D}.Debug|Default.Deploy.0 = Debug
		{C60C1EE6-50B9-46D3-BA5E-DC1042DDAA5D}.DebugLocal|Default.ActiveCfg = DebugLocal
		{C60C1EE6-50B9-46D3-BA5E-DC1042DDAA5D}.DebugLocal|Default.Build.0 = DebugLocal
		{C60C1EE6-50B9-46D3-BA5E-DC1042DDAA5D}.DebugLocal|Default.Deploy.0 = DebugLocal
		{C60C1EE6-50B9-46D3-BA5E-DC1042DDAA5D}.Release|Default.ActiveCfg = Release
		{C60C1EE6-50B9-46D3-BA5E-DC1042DDAA5D}.Release|Default.Build.0 = Release
		{C60C1EE6-50B9-46D3-BA5E-DC1042DDAA5D}.Release|Default.Deploy.0 = Release
		{DE9E7B8A-2FFC-4374-89D2-3A83372A3DCE}.Debug|Default.ActiveCfg = Debug
		{DE9E7B8A-2FFC-4374-89D2-3A83372A3DCE}.Debug|Default.Build.0 = Debug
		{DE9E7B8A-2FFC-4374-89D2-3A83372A3DCE}.Debug|Default.Deploy.0 = Debug
		{DE9E7B8A-2FFC-4374-89D2-3A83372A3DCE}.DebugLocal|Default.ActiveCfg = DebugLocal
		{DE9E7B8A-2FFC-4374-89D2-3A83372A3DCE}.DebugLocal|Default.Build.0 = DebugLocal
		{DE9E7B8A-2FFC-4374-89D2-3A83372A3DCE}.DebugLocal|Default.Deploy.0 = DebugLocal
		{DE9E7B8A-2FFC-4374-89D2-3A83372A3DCE}.Release|Default.ActiveCfg = Release
		{DE9E7B8A-2FFC-4374-89D2-3A83372A3DCE}.Release|Default.Build.0 = Release
		{DE9E7B8A-2FFC-4374-89D2-3A83372A3DCE}.Release|Default.Deploy.0 = Release
		{00E82515-726F-418C-95EB-43003C477CAD}.Debug|Default.ActiveCfg = Debug
		{00E82515-726F-418C-95EB-43003C477CAD}.Debug|Default.Build.0 = Debug
		{00E82515-726F-418C-95EB-43003C477CAD}.Debug|Default.Deploy.0 = Debug
		{00E82515-726F-418C-95EB-43003C477CAD}.DebugLocal|Default.ActiveCfg = DebugLocal
		{00E82515-726F-418C-95EB-43003C477CAD}.DebugLocal|Default.Build.0 = DebugLocal
		{00E82515-726F-418C-95EB-43003C477CAD}.DebugLocal|Default.Deploy.0 = DebugLocal
		{00E82515-726F-418C-95EB-43003C477CAD}.Release|Default.ActiveCfg = Release
		{00E82515-726F-418C-95EB-43003C477CAD}.Release|Default.Build.0 = Release
		{00E82515-726F-418C-95EB-43003C477CAD}.Release|Default.Deploy.0 = Release
		{B3CD5D31-8424-4986-847D-704B44C7F014}.Debug|Default.ActiveCfg = Debug
		{B3CD5D31-8424-4986-847D-704B44C7F014}.Debug|Default.Build.0 = Debug
		{B3CD5D31-8424-4986-847D-704B44C7F014}.Debug|Default.Deploy.0 = Debug
		{B3CD5D31-8424-4986-847D-704B44C7F014}.DebugLocal|Default.ActiveCfg = DebugLocal
		{B3CD5D31-8424-4986-847D-704B44C7F014}.DebugLocal|Default.Build.0 = DebugLocal
		{B3CD5D31-8424-4986-847D-704B44C7F014}.DebugLocal|Default.Deploy.0 = DebugLocal
		{B3CD5D31-8424-4986-847D-704B44C7F014}.Release|Default.ActiveCfg = Release
		{B3CD5D31-8424-4986-847D-704B44C7F014}.Release|Default.Build.0 = Release
		{B3CD5D31-8424-4986-847D-704B44C7F014}.Release|Default.Deploy.0 = Release
		{830074BF-F124-4479-8F6E-902AA5FC50D8}.Debug|Default.ActiveCfg = Debug
		{830074BF-F124-4479-8F6E-902AA5FC50D8}.Debug|Default.Build.0 = Debug
		{830074BF-F124-4479-8F6E-902AA5FC50D8}.Debug|Default.Deploy.0 = Debug
		{830074BF-F124-4479-8F6E-902AA5FC50D8}.DebugLocal|Default.ActiveCfg = DebugLocal
		{830074BF-F124-4479-8F6E-902AA5FC50D8}.DebugLocal|Default.Build.0 = DebugLocal
		{830074BF-F124-4479-8F6E-902AA5FC50D8}.DebugLocal|Default.Deploy.0 = DebugLocal
		{830074BF-F124-4479-8F6E-902AA5FC50D8}.Release|Default.ActiveCfg = Release
		{830074BF-F124-4479-8F6E-902AA5FC50D8}.Release|Default.Build.0 = Release
		{830074BF-F124-4479-8F6E-902AA5FC50D8}.Release|Default.Deploy.0 = Release
		{F5E0A16E-02AB-4CFC-A46E-50FD469D935E}.Debug|Default.ActiveCfg = Debug
		{F5E0A16E-02AB-4CFC-A46E-50FD469D935E}.Debug|Default.Build.0 = Debug
		{F5E0A16E-02AB-4CFC-A46E-50FD469D935E}.Debug|Default.Deploy.0 = Debug
		{F5E0A16E-02AB-4CFC-A46E-50FD469D935E}.DebugLocal|Default.ActiveCfg = DebugLocal
		{F5E0A16E-02AB-4CFC-A46E-50FD469D935E}.DebugLocal|Default.Build.0 = DebugLocal
		{F5E0A16E-02AB-4CFC-A46E-50FD469D935E}.DebugLocal|Default.Deploy.0 = DebugLocal
		{F5E0A16E-02AB-4CFC-A46E-50FD469D935E}.Release|Default.ActiveCfg = Release
		{F5E0A16E-02AB-4CFC-A46E-50FD469D935E}.Release|Default.Build.0 = Release
		{F5E0A16E-02AB-4CFC-A46E-50FD469D935E}.Release|Default.Deploy.0 = Release
		{F958AF26-30E6-47C0-A506-71AFEADC6F6A}.Debug|Default.ActiveCfg = Debug
		{F958AF26-30E6-47C0-A506-71AFEADC6F6A}.Debug|Default.Build.0 = Debug
		{F958AF26-30E6-47C0-A506-71AFEADC6F6A}.Debug|Default.Deploy.0 = Debug
		{F958AF26-30E6-47C0-A506-71AFEADC6F6A}.DebugLocal|Default.ActiveCfg = DebugLocal
		{F958AF26-30E6-47C0-A506-71AFEADC6F6A}.DebugLocal|Default.Build.0 = DebugLocal
		{F958AF26-30E6-47C0-A506-71AFEADC6F6A}.DebugLocal|Default.Deploy.0 = DebugLocal
		{F958AF26-30E6-47C0-A506-71AFEADC6F6A}.Release|Default.ActiveCfg = Release
		{F958AF26-30E6-47C0-A506-71AFEADC6F6A}.Release|Default.Build.0 = Release
		{F958AF26-30E6-47C0-A506-71AFEADC6F6A}.Release|Default.Deploy.0 = Release
		{09605575-05AA-4419-8EA4-C6E707817535}.Debug|Default.ActiveCfg = Debug
		{09605575-05AA-4419-8EA4-C6E707817535}.Debug|Default.Build.0 = Debug
		{09605575-05AA-4419-8EA4-C6E707817535}.Debug|Default.Deploy.0 = Debug
		{09605575-05AA-4419-8EA4-C6E707817535}.DebugLocal|Default.ActiveCfg = DebugLocal
		{09605575-05AA-4419-8EA4-C6E707817535}.DebugLocal|Default.Build.0 = DebugLocal
		{09605575-05AA-4419-8EA4-C6E707817535}.DebugLocal|Default.Deploy.0 = DebugLocal
		{09605575-05AA-4419-8EA4-C6E707817535}.Release|Default.ActiveCfg = Release
		{09605575-05AA-4419-8EA4-C6E707817535}.Release|Default.Build.0 = Release
		{09605575-05AA-4419-8EA4-C6E707817535}.Release|Default.Deploy.0 = Release
		{4BF463F8-B2D2-47CF-BD58-8119C915E5CE}.Debug|Default.ActiveCfg = Debug
		{4BF463F8-B2D2-47CF-BD58-8119C915E5CE}.Debug|Default.Build.0 = Debug
		{4BF463F8-B2D2-47CF-BD58-8119C915E5CE}.Debug|Default.Deploy.0 = Debug
		{4BF463F8-B2D2-47CF-BD58-8119C915E5CE}.DebugLocal|Default.ActiveCfg = DebugLocal
		{4BF463F8-B2D2-47CF-BD58-8119C915E5CE}.DebugLocal|Default.Build.0 = DebugLocal
		{4BF463F8-B2D2-47CF-BD58-8119C915E5CE}.DebugLocal|Default.Deploy.0 = DebugLocal
		{4BF463F8-B2D2-47CF-BD58-8119C915E5CE}.Release|Default.ActiveCfg = Release
		{4BF463F8-B2D2-47CF-BD58-8119C915E5CE}.Release|Default.Build.0 = Release
		{4BF463F8-B2D2-47CF-BD58-8119C915E5CE}.Release|Default.Deploy.0 = Release
		{C0402786-10F7-4B06-A803-878857971D55}.Debug|Default.ActiveCfg = Debug
		{C0402786-10F7-4B06-A803-878857971D55}.Debug|Default.Build.0 = Debug
		{C0402786-10F7-4B06-A803-878857971D55}.Debug|Default.Deploy.0 = Debug
		{C0402786-10F7-4B06-A803-878857971D55}.DebugLocal|Default.ActiveCfg = DebugLocal
		{C0402786-10F7-4B06-A803-878857971D55}.DebugLocal|Default.Build.0 = DebugLocal
		{C0402786-10F7-4B06-A803-878857971D55}.DebugLocal|Default.Deploy.0 = DebugLocal
		{C0402786-10F7-4B06-A803-878857971D55}.Release|Default.ActiveCfg = Release
		{C0402786-10F7-4B06-A803-878857971D55}.Release|Default.Build.0 = Release
		{C0402786-10F7-4B06-A803-878857971D55}.Release|Default.Deploy.0 = Release
		{E8A2CB28-6814-43BF-B67C-64F67A5EB6F4}.Debug|Default.ActiveCfg = Debug
		{E8A2CB28-6814-43BF-B67C-64F67A5EB6F4}.Debug|Default.Build.0 = Debug
		{E8A2CB28-6814-43BF-B67C-64F67A5EB6F4}.Debug|Default.Deploy.0 = Debug
		{E8A2CB28-6814-43BF-B67C-64F67A5EB6F4}.DebugLocal|Default.ActiveCfg = DebugLocal
		{E8A2CB28-6814-43BF-B67C-64F67A5EB6F4}.DebugLocal|Default.Build.0 = DebugLocal
		{E8A2CB28-6814-43BF-B67C-64F67A5EB6F4}.DebugLocal|Default.Deploy.0 = DebugLocal
		{E8A2CB28-6814-43BF-B67C-64F67A5EB6F4}.Release|Default.ActiveCfg = Release
		{E8A2CB28-6814-43BF-B67C-64F67A5EB6F4}.Release|Default.Build.0 = Release
		{E8A2CB28-6814-43BF-B67C-64F67A5EB6F4}.Release|Default.Deploy.0 = Release
		{B67EF33A-F7C6-42D2-8FA7-1619460BEA7E}.Debug|Default.ActiveCfg = Debug
		{B67EF33A-F7C6-42D2-8FA7-1619460BEA7E}.Debug|Default.Build.0 = Debug
		{B67EF33A-F7C6-42D2-8FA7-1619460BEA7E}.Debug|Default.Deploy.0 = Debug
		{B67EF33A-F7C6-42D2-8FA7-1619460BEA7E}.DebugLocal|Default.ActiveCfg = DebugLocal
		{B67EF33A-F7C6-42D2-8FA7-1619460BEA7E}.DebugLocal|Default.Build.0 = DebugLocal
		{B67EF33A-F7C6-42D2-8FA7-1619460BEA7E}.DebugLocal|Default.Deploy.0 = DebugLocal
		{B67EF33A-F7C6-42D2-8FA7-1619460BEA7E}.Release|Default.ActiveCfg = Release
		{B67EF33A-F7C6-42D2-8FA7-1619460BEA7E}.Release|Default.Build.0 = Release
		{B67EF33A-F7C6-42D2-8FA7-1619460BEA7E}.Release|Default.Deploy.0 = Release
		{53C0A8EE-16E6-4F30-8834-1EC7DCBB721D}.Debug|Default.ActiveCfg = Debug
		{53C0A8EE-16E6-4F30-8834-1EC7DCBB721D}.Debug|Default.Build.0 = Debug
		{53C0A8EE-16E6-4F30-8834-1EC7DCBB721D}.Debug|Default.Deploy.0 = Debug
		{53C0A8EE-16E6-4F30-8834-1EC7DCBB721D}.DebugLocal|Default.ActiveCfg = DebugLocal
		{53C0A8EE-16E6-4F30-8834-1EC7DCBB721D}.DebugLocal|Default.Build.0 = DebugLocal
		{53C0A8EE-16E6-4F30-8834-1EC7DCBB721D}.DebugLocal|Default.Deploy.0 = DebugLocal
		{53C0A8EE-16E6-4F30-8834-1EC7DCBB721D}.Release|Default.ActiveCfg = Release
		{53C0A8EE-16E6-4F30-8834-1EC7DCBB721D}.Release|Default.Build.0 = Release
		{53C0A8EE-16E6-4F30-8834-1EC7DCBB721D}.Release|Default.Deploy.0 = Release
		{329137E4-0CE2-403A-B3CC-D324CF41FF63}.Debug|Default.ActiveCfg = Debug
		{329137E4-0CE2-403A-B3CC-D324CF41FF63}.Debug|Default.Build.0 = Debug
		{329137E4-0CE2-403A-B3CC-D324CF41FF63}.Debug|Default.Deploy.0 = Debug
		{329137E4-0CE2-403A-B3CC-D324CF41FF63}.DebugLocal|Default.ActiveCfg = DebugLocal
		{329137E4-0CE2-403A-B3CC-D324CF41FF63}.DebugLocal|Default.Build.0 = DebugLocal
		{329137E4-0CE2-403A-B3CC-D324CF41FF63}.DebugLocal|Default.Deploy.0 = DebugLocal
		{329137E4-0CE2-403A-B3CC-D324CF41FF63}.Release|Default.ActiveCfg = Release
		{329137E4-0CE2-403A-B3CC-D324CF41FF63}.Release|Default.Build.0 = Release
		{329137E4-0CE2-403A-B3CC-D324CF41FF63}.Release|Default.Deploy.0 = Release
		{0CF21826-FD94-4F8E-BA63-CC4EBA398C9C}.Debug|Default.ActiveCfg = Debug
		{0CF21826-FD94-4F8E-BA63-CC4EBA398C9C}.Debug|Default.Build.0 = Debug
		{0CF21826-FD94-4F8E-BA63-CC4EBA398C9C}.Debug|Default.Deploy.0 = Debug
		{0CF21826-FD94-4F8E-BA63-CC4EBA398C9C}.DebugLocal|Default.ActiveCfg = DebugLocal
		{0CF21826-FD94-4F8E-BA63-CC4EBA398C9C}.DebugLocal|Default.Build.0 = DebugLocal
		{0CF21826-FD94-4F8E-BA63-CC4EBA398C9C}.DebugLocal|Default.Deploy.0 = DebugLocal
		{0CF21826-FD94-4F8E-BA63-CC4EBA398C9C}.Release|Default.ActiveCfg = Release
		{0CF21826-FD94-4F8E-BA63-CC4EBA398C9C}.Release|Default.Build.0 = Release
		{0CF21826-FD94-4F8E-BA63-CC4EBA398C9C}.Release|Default.Deploy.0 = Release
		{A7E0EECE-CFE3-4EE6-A6BE-5326FDA77D58}.Debug|Default.ActiveCfg = Debug
		{A7E0EECE-CFE3-4EE6-A6BE-5326FDA77D58}.Debug|Default.Build.0 = Debug
		{A7E0EECE-CFE3-4EE6-A6BE-5326FDA77D58}.Debug|Default.Deploy.0 = Debug
		{A7E0EECE-CFE3-4EE6-A6BE-5326FDA77D58}.DebugLocal|Default.ActiveCfg = DebugLocal
		{A7E0EECE-CFE3-4EE6-A6BE-5326FDA77D58}.DebugLocal|Default.Build.0 = DebugLocal
		{A7E0EECE-CFE3-4EE6-A6BE-5326FDA77D58}.DebugLocal|Default.Deploy.0 = DebugLocal
		{A7E0EECE-CFE3-4EE6-A6BE-5326FDA77D58}.Release|Default.ActiveCfg = Release
		{A7E0EECE-CFE3-4EE6-A6BE-5326FDA77D58}.Release|Default.Build.0 = Release
		{A7E0EECE-CFE3-4EE6-A6BE-5326FDA77D58}.Release|Default.Deploy.0 = Release
		{9E3B94DF-6311-44B8-8DB6-55F7AD1A62AF}.Debug|Default.ActiveCfg = Debug
		{9E3B94DF-6311-44B8-8DB6-55F7AD1A62AF}.Debug|Default.Build.0 = Debug
		{9E3B94DF-6311-44B8-8DB6-55F7AD1A62AF}.Debug|Default.Deploy.0 = Debug
		{9E3B94DF-6311-44B8-8DB6-55F7AD1A62AF}.DebugLocal|Default.ActiveCfg = DebugLocal
		{9E3B94DF-6311-44B8-8DB6-55F7AD1A62AF}.DebugLocal|Default.Build.0 = DebugLocal
		{9E3B94DF-6311-44B8-8DB6-55F7AD1A62AF}.DebugLocal|Default.Deploy.0 = DebugLocal
		{9E3B94DF-6311-44B8-8DB6-55F7AD1A62AF}.Release|Default.ActiveCfg = Release
		{9E3B94DF-6311-44B8-8DB6-55F7AD1A62AF}.Release|Default.Build.0 = Release
		{9E3B94DF-6311-44B8-8DB6-55F7AD1A62AF}.Release|Default.Deploy.0 = Release
		{CB32A67F-747A-4757-AE2C-0AC4D4266158}.Debug|Default.ActiveCfg = Debug
		{CB32A67F-747A-4757-AE2C-0AC4D4266158}.Debug|Default.Build.0 = Debug
		{CB32A67F-747A-4757-AE2C-0AC4D4266158}.Debug|Default.Deploy.0 = Debug
		{CB32A67F-747A-4757-AE2C-0AC4D4266158}.DebugLocal|Default.ActiveCfg = DebugLocal
		{CB32A67F-747A-4757-AE2C-0AC4D4266158}.DebugLocal|Default.Build.0 = DebugLocal
		{CB32A67F-747A-4757-AE2C-0AC4D4266158}.DebugLocal|Default.Deploy.0 = DebugLocal
		{CB32A67F-747A-4757-AE2C-0AC4D4266158}.Release|Default.ActiveCfg = Release
		{CB32A67F-747A-4757-AE2C-0AC4D4266158}.Release|Default.Build.0 = Release
		{CB32A67F-747A-4757-AE2C-0AC4D4266158}.Release|Default.Deploy.0 = Release
		{2793DEDD-77DE-4CCB-96C8-AF04E4D87885}.Debug|Default.ActiveCfg = Debug
		{2793DEDD-77DE-4CCB-96C8-AF04E4D87885}.Debug|Default.Build.0 = Debug
		{2793DEDD-77DE-4CCB-96C8-AF04E4D87885}.Debug|Default.Deploy.0 = Debug
		{2793DEDD-77DE-4CCB-96C8-AF04E4D87885}.DebugLocal|Default.ActiveCfg = DebugLocal
		{2793DEDD-77DE-4CCB-96C8-AF04E4D87885}.DebugLocal|Default.Build.0 = DebugLocal
		{2793DEDD-77DE-4CCB-96C8-AF04E4D87885}.DebugLocal|Default.Deploy.0 = DebugLocal
		{2793DEDD-77DE-4CCB-96C8-AF04E4D87885}.Release|Default.ActiveCfg = Release
		{2793DEDD-77DE-4CCB-96C8-AF04E4D87885}.Release|Default.Build.0 = Release
		{2793DEDD-77DE-4CCB-96C8-AF04E4D87885}.Release|Default.Deploy.0 = Release
		{0B4A61D3-E2F7-4EF2-8197-F81926A7C502}.Debug|Default.ActiveCfg = Debug
		{0B4A61D3-E2F7-4EF2-8197-F81926A7C502}.Debug|Default.Build.0 = Debug
		{0B4A61D3-E2F7-4EF2-8197-F81926A7C502}.Debug|Default.Deploy.0 = Debug
		{0B4A61D3-E2F7-4EF2-8197-F81926A7C502}.DebugLocal|Default.ActiveCfg = DebugLocal
		{0B4A61D3-E2F7-4EF2-8197-F81926A7C502}.DebugLocal|Default.Build.0 = DebugLocal
		{0B4A61D3-E2F7-4EF2-8197-F81926A7C502}.DebugLocal|Default.Deploy.0 = DebugLocal
		{0B4A61D3-E2F7-4EF2-8197-F81926A7C502}.Release|Default.ActiveCfg = Release
		{0B4A61D3-E2F7-4EF2-8197-F81926A7C502}.Release|Default.Build.0 = Release
		{0B4A61D3-E2F7-4EF2-8197-F81926A7C502}.Release|Default.Deploy.0 = Release
		{0328E5C6-EDBC-44B6-882F-3CDEF2D1EF60}.Debug|Default.ActiveCfg = Debug
		{0328E5C6-EDBC-44B6-882F-3CDEF2D1EF60}.Debug|Default.Build.0 = Debug
		{0328E5C6-EDBC-44B6-882F-3CDEF2D1EF60}.Debug|Default.Deploy.0 = Debug
		{0328E5C6-EDBC-44B6-882F-3CDEF2D1EF60}.DebugLocal|Default.ActiveCfg = DebugLocal
		{0328E5C6-EDBC-44B6-882F-3CDEF2D1EF60}.DebugLocal|Default.Build.0 = DebugLocal
		{0328E5C6-EDBC-44B6-882F-3CDEF2D1EF60}.DebugLocal|Default.Deploy.0 = DebugLocal
		{0328E5C6-EDBC-44B6-882F-3CDEF2D1EF60}.Release|Default.ActiveCfg = Release
		{0328E5C6-EDBC-44B6-882F-3CDEF2D1EF60}.Release|Default.Build.0 = Release
		{0328E5C6-EDBC-44B6-882F-3CDEF2D1EF60}.Release|Default.Deploy.0 = Release
		{24D1C2D6-D1B8-4C16-A8C0-30CDEF3161C8}.Debug|Default.ActiveCfg = Debug
		{24D1C2D6-D1B8-4C16-A8C0-30CDEF3161C8}.Debug|Default.Build.0 = Debug
		{24D1C2D6-D1B8-4C16-A8C0-30CDEF3161C8}.Debug|Default.Deploy.0 = Debug
		{24D1C2D6-D1B8-4C16-A8C0-30CDEF3161C8}.DebugLocal|Default.ActiveCfg = DebugLocal
		{24D1C2D6-D1B8-4C16-A8C0-30CDEF3161C8}.DebugLocal|Default.Build.0 = DebugLocal
		{24D1C2D6-D1B8-4C16-A8C0-30CDEF3161C8}.DebugLocal|Default.Deploy.0 = DebugLocal
		{24D1C2D6-D1B8-4C16-A8C0-30CDEF3161C8}.Release|Default.ActiveCfg = Release
		{24D1C2D6-D1B8-4C16-A8C0-30CDEF3161C8}.Release|Default.Build.0 = Release
		{24D1C2D6-D1B8-4C16-A8C0-30CDEF3161C8}.Release|Default.Deploy.0 = Release
		{E9EF0E5C-81F0-4D5B-889F-290EB82BF73A}.Debug|Default.ActiveCfg = Debug
		{E9EF0E5C-81F0-4D5B-889F-290EB82BF73A}.Debug|Default.Build.0 = Debug
		{E9EF0E5C-81F0-4D5B-889F-290EB82BF73A}.Debug|Default.Deploy.0 = Debug
		{E9EF0E5C-81F0-4D5B-889F-290EB82BF73A}.DebugLocal|Default.ActiveCfg = DebugLocal
		{E9EF0E5C-81F0-4D5B-889F-290EB82BF73A}.DebugLocal|Default.Build.0 = DebugLocal
		{E9EF0E5C-81F0-4D5B-889F-290EB82BF73A}.DebugLocal|Default.Deploy.0 = DebugLocal
		{E9EF0E5C-81F0-4D5B-889F-290EB82BF73A}.Release|Default.ActiveCfg = Release
		{E9EF0E5C-81F0-4D5B-889F-290EB82BF73A}.Release|Default.Build.0 = Release
		{E9EF0E5C-81F0-4D5B-889F-290EB82BF73A}.Release|Default.Deploy.0 = Release
		{E78E3B6A-80E7-4AEF-AEFA-2BB645B7226D}.Debug|Default.ActiveCfg = Debug
		{E78E3B6A-80E7-4AEF-AEFA-2BB645B7226D}.Debug|Default.Build.0 = Debug
		{E78E3B6A-80E7-4AEF-AEFA-2BB645B7226D}.Debug|Default.Deploy.0 = Debug
		{E78E3B6A-80E7-4AEF-AEFA-2BB645B7226D}.DebugLocal|Default.ActiveCfg = DebugLocal
		{E78E3B6A-80E7-4AEF-AEFA-2BB645B7226D}.DebugLocal|Default.Build.0 = DebugLocal
		{E78E3B6A-80E7-4AEF-AEFA-2BB645B7226D}.DebugLocal|Default.Deploy.0 = DebugLocal
		{E78E3B6A-80E7-4AEF-AEFA-2BB645B7226D}.Release|Default.ActiveCfg = Release
		{E78E3B6A-80E7-4AEF-AEFA-2BB645B7226D}.Release|Default.Build.0 = Release
		{E78E3B6A-80E7-4AEF-AEFA-2BB645B7226D}.Release|Default.Deploy.0 = Release
		{0C5E5C90-8914-4B20-85DE-833D4E156EAD}.Debug|Default.ActiveCfg = Debug
		{0C5E5C90-8914-4B20-85DE-833D4E156EAD}.Debug|Default.Build.0 = Debug
		{0C5E5C90-8914-4B20-85DE-833D4E156EAD}.Debug|Default.Deploy.0 = Debug
		{0C5E5C90-8914-4B20-85DE-833D4E156EAD}.DebugLocal|Default.ActiveCfg = DebugLocal
		{0C5E5C90-8914-4B20-85DE-833D4E156EAD}.DebugLocal|Default.Build.0 = DebugLocal
		{0C5E5C90-8914-4B20-85DE-833D4E156EAD}.DebugLocal|Default.Deploy.0 = DebugLocal
		{0C5E5C90-8914-4B20-85DE-833D4E156EAD}.Release|Default.ActiveCfg = Release
		{0C5E5C90-8914-4B20-85DE-833D4E156EAD}.Release|Default.Build.0 = Release
		{0C5E5C90-8914-4B20-85DE-833D4E156EAD}.Release|Default.Deploy.0 = Release
		{316A8BEE-25B3-4F7E-80C0-6C7C6285CAE1}.Debug|Default.ActiveCfg = Debug
		{316A8BEE-25B3-4F7E-80C0-6C7C6285CAE1}.Debug|Default.Build.0 = Debug
		{316A8BEE-25B3-4F7E-80C0-6C7C6285CAE1}.Debug|Default.Deploy.0 = Debug
		{316A8BEE-25B3-4F7E-80C0-6C7C6285CAE1}.DebugLocal|Default.ActiveCfg = DebugLocal
		{316A8BEE-25B3-4F7E-80C0-6C7C6285CAE1}.DebugLocal|Default.Build.0 = DebugLocal
		{316A8BEE-25B3-4F7E-80C0-6C7C6285CAE1}.DebugLocal|Default.Deploy.0 = DebugLocal
		{316A8BEE-25B3-4F7E-80C0-6C7C6285CAE1}.Release|Default.ActiveCfg = Release
		{316A8BEE-25B3-4F7E-80C0-6C7C6285CAE1}.Release|Default.Build.0 = Release
		{316A8BEE-25B3-4F7E-80C0-6C7C6285CAE1}.Release|Default.Deploy.0 = Release
		{7CF35530-6025-4766-89A2-E356B853374C}.Debug|Default.ActiveCfg = Debug
		{7CF35530-6025-4766-89A2-E356B853374C}.Debug|Default.Build.0 = Debug
		{7CF35530-6025-4766-89A2-E356B853374C}.Debug|Default.Deploy.0 = Debug
		{7CF35530-6025-4766-89A2-E356B853374C}.DebugLocal|Default.ActiveCfg = DebugLocal
		{7CF35530-6025-4766-89A2-E356B853374C}.DebugLocal|Default.Build.0 = DebugLocal
		{7CF35530-6025-4766-89A2-E356B853374C}.DebugLocal|Default.Deploy.0 = DebugLocal
		{7CF35530-6025-4766-89A2-E356B853374C}.Release|Default.ActiveCfg = Release
		{7CF35530-6025-4766-89A2-E356B853374C}.Release|Default.Build.0 = Release
		{7CF35530-6025-4766-89A2-E356B853374C}.Release|Default.Deploy.0 = Release
		{6D6D138D-EB87-480B-8444-A1A7342D7377}.Debug|Default.ActiveCfg = Debug
		{6D6D138D-EB87-480B-8444-A1A7342D7377}.Debug|Default.Build.0 = Debug
		{6D6D138D-EB87-480B-8444-A1A7342D7377}.Debug|Default.Deploy.0 = Debug
		{6D6D138D-EB87-480B-8444-A1A7342D7377}.DebugLocal|Default.ActiveCfg = DebugLocal
		{6D6D138D-EB87-480B-8444-A1A7342D7377}.DebugLocal|Default.Build.0 = DebugLocal
		{6D6D138D-EB87-480B-8444-A1A7342D7377}.DebugLocal|Default.Deploy.0 = DebugLocal
		{6D6D138D-EB87-480B-8444-A1A7342D7377}.Release|Default.ActiveCfg = Release
		{6D6D138D-EB87-480B-8444-A1A7342D7377}.Release|Default.Build.0 = Release
		{6D6D138D-EB87-480B-8444-A1A7342D7377}.Release|Default.Deploy.0 = Release
	EndGlobalSection
	GlobalSection(SolutionProperties) = preSolution
		HideSolutionNode = FALSE
	EndGlobalSection
EndGlobal
