
Microsoft Visual Studio Solution File, Format Version 12.00
# Visual Studio 14
VisualStudioVersion = 14.0.25123.0
MinimumVisualStudioVersion = 10.0.40219.1
Project("{F14B399A-7131-4C87-9E4B-1186C45EF12D}") = "ReportManager", "ReportManager\ReportManager.rptproj", "{E4BF7D25-5FBA-463D-8B18-A87F5916C35A}"
EndProject
Project("{F14B399A-7131-4C87-9E4B-1186C45EF12D}") = "Business Development Reports", "Business Development Reports\Business Development Reports.rptproj", "{604EE0B8-B759-41AD-A501-B8E7F1CF4E33}"
EndProject
Global
	GlobalSection(SolutionConfigurationPlatforms) = preSolution
		Debug|Default = Debug|Default
		DebugLocal|Default = DebugLocal|Default
		Release|Default = Release|Default
	EndGlobalSection
	GlobalSection(ProjectConfigurationPlatforms) = postSolution
		{E4BF7D25-5FBA-463D-8B18-A87F5916C35A}.Debug|Default.ActiveCfg = Debug
		{E4BF7D25-5FBA-463D-8B18-A87F5916C35A}.Debug|Default.Build.0 = Debug
		{E4BF7D25-5FBA-463D-8B18-A87F5916C35A}.Debug|Default.Deploy.0 = Debug
		{E4BF7D25-5FBA-463D-8B18-A87F5916C35A}.DebugLocal|Default.ActiveCfg = DebugLocal
		{E4BF7D25-5FBA-463D-8B18-A87F5916C35A}.DebugLocal|Default.Build.0 = DebugLocal
		{E4BF7D25-5FBA-463D-8B18-A87F5916C35A}.Release|Default.ActiveCfg = Release
		{E4BF7D25-5FBA-463D-8B18-A87F5916C35A}.Release|Default.Build.0 = Release
		{E4BF7D25-5FBA-463D-8B18-A87F5916C35A}.Release|Default.Deploy.0 = Release
		{604EE0B8-B759-41AD-A501-B8E7F1CF4E33}.Debug|Default.ActiveCfg = Debug
		{604EE0B8-B759-41AD-A501-B8E7F1CF4E33}.Debug|Default.Build.0 = Debug
		{604EE0B8-B759-41AD-A501-B8E7F1CF4E33}.Debug|Default.Deploy.0 = Debug
		{604EE0B8-B759-41AD-A501-B8E7F1CF4E33}.DebugLocal|Default.ActiveCfg = DebugLocal
		{604EE0B8-B759-41AD-A501-B8E7F1CF4E33}.DebugLocal|Default.Build.0 = DebugLocal
		{604EE0B8-B759-41AD-A501-B8E7F1CF4E33}.Release|Default.ActiveCfg = Release
		{604EE0B8-B759-41AD-A501-B8E7F1CF4E33}.Release|Default.Build.0 = Release
		{604EE0B8-B759-41AD-A501-B8E7F1CF4E33}.Release|Default.Deploy.0 = Release
	EndGlobalSection
	GlobalSection(SolutionProperties) = preSolution
		HideSolutionNode = FALSE
	EndGlobalSection
EndGlobal
